{
  "pins" : [
    {
      "identity" : "spmpackagea",
      "kind" : "remoteSourceControl",
      "location" : "https://github.com/yehe01/SPMPackageA",
      "state" : {
        "revision" : "3779b7c08fdf7b80a6c082779da789422ed1cdac",
        "version" : "1.0.1"
      }
    }
  ],
  "version" : 2
}
